
Microsoft Visual Studio Solution File, Format Version 12.00
# Visual Studio 15
Project("{FAE04EC0-301F-11D3-BF4B-00C04F79EFBC}") = "Assembly-CSharp", "Assembly-CSharp.csproj", "{F3D18835-8FAB-20CC-985D-B2E2DE042189}"
EndProject
Project("{FAE04EC0-301F-11D3-BF4B-00C04F79EFBC}") = "Assembly-CSharp-firstpass", "Assembly-CSharp-firstpass.csproj", "{A6C0EA93-E6ED-1D6C-80AF-3AF4CEB76545}"
EndProject
Global
	GlobalSection(SolutionConfigurationPlatforms) = preSolution
		Debug|Any CPU = Debug|Any CPU
		Release|Any CPU = Release|Any CPU
	EndGlobalSection
	GlobalSection(ProjectConfigurationPlatforms) = postSolution
		{F3D18835-8FAB-20CC-985D-B2E2DE042189}.Debug|Any CPU.ActiveCfg = Debug|Any CPU
		{F3D18835-8FAB-20CC-985D-B2E2DE042189}.Debug|Any CPU.Build.0 = Debug|Any CPU
		{F3D18835-8FAB-20CC-985D-B2E2DE042189}.Release|Any CPU.ActiveCfg = Release|Any CPU
		{F3D18835-8FAB-20CC-985D-B2E2DE042189}.Release|Any CPU.Build.0 = Release|Any CPU
		{A6C0EA93-E6ED-1D6C-80AF-3AF4CEB76545}.Debug|Any CPU.ActiveCfg = Debug|Any CPU
		{A6C0EA93-E6ED-1D6C-80AF-3AF4CEB76545}.Debug|Any CPU.Build.0 = Debug|Any CPU
		{A6C0EA93-E6ED-1D6C-80AF-3AF4CEB76545}.Release|Any CPU.ActiveCfg = Release|Any CPU
		{A6C0EA93-E6ED-1D6C-80AF-3AF4CEB76545}.Release|Any CPU.Build.0 = Release|Any CPU
	EndGlobalSection
	GlobalSection(SolutionProperties) = preSolution
		HideSolutionNode = FALSE
	EndGlobalSection
EndGlobal
